
Microsoft Visual Studio Solution File, Format Version 12.00
# Visual Studio 15
VisualStudioVersion = 15.0.28010.2050
MinimumVisualStudioVersion = 10.0.40219.1
Project("{8BC9CEB8-8B4A-11D0-8D11-00A0C91BC942}") = "matrix", "matrix\matrix.vcxproj", "{36920F9B-316B-4F2E-A08C-E6208CF9A088}"
EndProject
Global
	GlobalSection(SolutionConfigurationPlatforms) = preSolution
		Debug|x64 = Debug|x64
		Debug|x86 = Debug|x86
		Release|x64 = Release|x64
		Release|x86 = Release|x86
	EndGlobalSection
	GlobalSection(ProjectConfigurationPlatforms) = postSolution
		{36920F9B-316B-4F2E-A08C-E6208CF9A088}.Debug|x64.ActiveCfg = Debug|x64
		{36920F9B-316B-4F2E-A08C-E6208CF9A088}.Debug|x64.Build.0 = Debug|x64
		{36920F9B-316B-4F2E-A08C-E6208CF9A088}.Debug|x86.ActiveCfg = Debug|Win32
		{36920F9B-316B-4F2E-A08C-E6208CF9A088}.Debug|x86.Build.0 = Debug|Win32
		{36920F9B-316B-4F2E-A08C-E6208CF9A088}.Release|x64.ActiveCfg = Release|x64
		{36920F9B-316B-4F2E-A08C-E6208CF9A088}.Release|x64.Build.0 = Release|x64
		{36920F9B-316B-4F2E-A08C-E6208CF9A088}.Release|x86.ActiveCfg = Release|Win32
		{36920F9B-316B-4F2E-A08C-E6208CF9A088}.Release|x86.Build.0 = Release|Win32
	EndGlobalSection
	GlobalSection(SolutionProperties) = preSolution
		HideSolutionNode = FALSE
	EndGlobalSection
	GlobalSection(ExtensibilityGlobals) = postSolution
		SolutionGuid = {B41CCC3B-E615-4622-BA78-79E9F1B52F68}
	EndGlobalSection
EndGlobal
